// !$*UTF8*$!
{
	archiveVersion = 1;
	classes = {
	};
	objectVersion = 46;
	objects = {

/* Begin PBXBuildFile section */
		4A7ECCAB154068E5002A26AB /* UIKit.framework in Frameworks */ = {isa = PBXBuildFile; fileRef = 4A7ECCAA154068E5002A26AB /* UIKit.framework */; };
		4A7ECCAD154068E5002A26AB /* Foundation.framework in Frameworks */ = {isa = PBXBuildFile; fileRef = 4A7ECCAC154068E5002A26AB /* Foundation.framework */; };
		4A7ECCAF154068E5002A26AB /* CoreGraphics.framework in Frameworks */ = {isa = PBXBuildFile; fileRef = 4A7ECCAE154068E5002A26AB /* CoreGraphics.framework */; };
		4A7ECCB5154068E5002A26AB /* InfoPlist.strings in Resources */ = {isa = PBXBuildFile; fileRef = 4A7ECCB3154068E5002A26AB /* InfoPlist.strings */; };
		4A7ECCB7154068E5002A26AB /* main.m in Sources */ = {isa = PBXBuildFile; fileRef = 4A7ECCB6154068E5002A26AB /* main.m */; };
		4A7ECCBB154068E5002A26AB /* RootNavigationAppDelegate.m in Sources */ = {isa = PBXBuildFile; fileRef = 4A7ECCBA154068E5002A26AB /* RootNavigationAppDelegate.m */; };
		4A7ECCBE154068E5002A26AB /* MainWindow.xib in Resources */ = {isa = PBXBuildFile; fileRef = 4A7ECCBC154068E5002A26AB /* MainWindow.xib */; };
		4A7ECCC1154068E5002A26AB /* RootNavigationViewController.m in Sources */ = {isa = PBXBuildFile; fileRef = 4A7ECCC0154068E5002A26AB /* RootNavigationViewController.m */; };
		4A7ECCC4154068E5002A26AB /* RootNavigationViewController.xib in Resources */ = {isa = PBXBuildFile; fileRef = 4A7ECCC2154068E5002A26AB /* RootNavigationViewController.xib */; };
/* End PBXBuildFile section */

/* Begin PBXFileReference section */
		4A7ECCA6154068E5002A26AB /* RootNavigation.app */ = {isa = PBXFileReference; explicitFileType = wrapper.application; includeInIndex = 0; path = RootNavigation.app; sourceTree = BUILT_PRODUCTS_DIR; };
		4A7ECCAA154068E5002A26AB /* UIKit.framework */ = {isa = PBXFileReference; lastKnownFileType = wrapper.framework; name = UIKit.framework; path = System/Library/Frameworks/UIKit.framework; sourceTree = SDKROOT; };
		4A7ECCAC154068E5002A26AB /* Foundation.framework */ = {isa = PBXFileReference; lastKnownFileType = wrapper.framework; name = Foundation.framework; path = System/Library/Frameworks/Foundation.framework; sourceTree = SDKROOT; };
		4A7ECCAE154068E5002A26AB /* CoreGraphics.framework */ = {isa = PBXFileReference; lastKnownFileType = wrapper.framework; name = CoreGraphics.framework; path = System/Library/Frameworks/CoreGraphics.framework; sourceTree = SDKROOT; };
		4A7ECCB2154068E5002A26AB /* RootNavigation-Info.plist */ = {isa = PBXFileReference; lastKnownFileType = text.plist.xml; path = "RootNavigation-Info.plist"; sourceTree = "<group>"; };
		4A7ECCB4154068E5002A26AB /* en */ = {isa = PBXFileReference; lastKnownFileType = text.plist.strings; name = en; path = en.lproj/InfoPlist.strings; sourceTree = "<group>"; };
		4A7ECCB6154068E5002A26AB /* main.m */ = {isa = PBXFileReference; lastKnownFileType = sourcecode.c.objc; path = main.m; sourceTree = "<group>"; };
		4A7ECCB8154068E5002A26AB /* RootNavigation-Prefix.pch */ = {isa = PBXFileReference; lastKnownFileType = sourcecode.c.h; path = "RootNavigation-Prefix.pch"; sourceTree = "<group>"; };
		4A7ECCB9154068E5002A26AB /* RootNavigationAppDelegate.h */ = {isa = PBXFileReference; lastKnownFileType = sourcecode.c.h; path = RootNavigationAppDelegate.h; sourceTree = "<group>"; };
		4A7ECCBA154068E5002A26AB /* RootNavigationAppDelegate.m */ = {isa = PBXFileReference; lastKnownFileType = sourcecode.c.objc; path = RootNavigationAppDelegate.m; sourceTree = "<group>"; };
		4A7ECCBD154068E5002A26AB /* en */ = {isa = PBXFileReference; lastKnownFileType = file.xib; name = en; path = en.lproj/MainWindow.xib; sourceTree = "<group>"; };
		4A7ECCBF154068E5002A26AB /* RootNavigationViewController.h */ = {isa = PBXFileReference; lastKnownFileType = sourcecode.c.h; path = RootNavigationViewController.h; sourceTree = "<group>"; };
		4A7ECCC0154068E5002A26AB /* RootNavigationViewController.m */ = {isa = PBXFileReference; lastKnownFileType = sourcecode.c.objc; path = RootNavigationViewController.m; sourceTree = "<group>"; };
		4A7ECCC3154068E5002A26AB /* en */ = {isa = PBXFileReference; lastKnownFileType = file.xib; name = en; path = en.lproj/RootNavigationViewController.xib; sourceTree = "<group>"; };
/* End PBXFileReference section */

/* Begin PBXFrameworksBuildPhase section */
		4A7ECCA3154068E5002A26AB /* Frameworks */ = {
			isa = PBXFrameworksBuildPhase;
			buildActionMask = 2147483647;
			files = (
				4A7ECCAB154068E5002A26AB /* UIKit.framework in Frameworks */,
				4A7ECCAD154068E5002A26AB /* Foundation.framework in Frameworks */,
				4A7ECCAF154068E5002A26AB /* CoreGraphics.framework in Frameworks */,
			);
			runOnlyForDeploymentPostprocessing = 0;
		};
/* End PBXFrameworksBuildPhase section */

/* Begin PBXGroup section */
		4A7ECC9B154068E4002A26AB = {
			isa = PBXGroup;
			children = (
				4A7ECCB0154068E5002A26AB /* RootNavigation */,
				4A7ECCA9154068E5002A26AB /* Frameworks */,
				4A7ECCA7154068E5002A26AB /* Products */,
			);
			sourceTree = "<group>";
		};
		4A7ECCA7154068E5002A26AB /* Products */ = {
			isa = PBXGroup;
			children = (
				4A7ECCA6154068E5002A26AB /* RootNavigation.app */,
			);
			name = Products;
			sourceTree = "<group>";
		};
		4A7ECCA9154068E5002A26AB /* Frameworks */ = {
			isa = PBXGroup;
			children = (
				4A7ECCAA154068E5002A26AB /* UIKit.framework */,
				4A7ECCAC154068E5002A26AB /* Foundation.framework */,
				4A7ECCAE154068E5002A26AB /* CoreGraphics.framework */,
			);
			name = Frameworks;
			sourceTree = "<group>";
		};
		4A7ECCB0154068E5002A26AB /* RootNavigation */ = {
			isa = PBXGroup;
			children = (
				4A7ECCB9154068E5002A26AB /* RootNavigationAppDelegate.h */,
				4A7ECCBA154068E5002A26AB /* RootNavigationAppDelegate.m */,
				4A7ECCBC154068E5002A26AB /* MainWindow.xib */,
				4A7ECCBF154068E5002A26AB /* RootNavigationViewController.h */,
				4A7ECCC0154068E5002A26AB /* RootNavigationViewController.m */,
				4A7ECCC2154068E5002A26AB /* RootNavigationViewController.xib */,
				4A7ECCB1154068E5002A26AB /* Supporting Files */,
			);
			path = RootNavigation;
			sourceTree = "<group>";
		};
		4A7ECCB1154068E5002A26AB /* Supporting Files */ = {
			isa = PBXGroup;
			children = (
				4A7ECCB2154068E5002A26AB /* RootNavigation-Info.plist */,
				4A7ECCB3154068E5002A26AB /* InfoPlist.strings */,
				4A7ECCB6154068E5002A26AB /* main.m */,
				4A7ECCB8154068E5002A26AB /* RootNavigation-Prefix.pch */,
			);
			name = "Supporting Files";
			sourceTree = "<group>";
		};
/* End PBXGroup section */

/* Begin PBXNativeTarget section */
		4A7ECCA5154068E5002A26AB /* RootNavigation */ = {
			isa = PBXNativeTarget;
			buildConfigurationList = 4A7ECCC7154068E5002A26AB /* Build configuration list for PBXNativeTarget "RootNavigation" */;
			buildPhases = (
				4A7ECCA2154068E5002A26AB /* Sources */,
				4A7ECCA3154068E5002A26AB /* Frameworks */,
				4A7ECCA4154068E5002A26AB /* Resources */,
			);
			buildRules = (
			);
			dependencies = (
			);
			name = RootNavigation;
			productName = RootNavigation;
			productReference = 4A7ECCA6154068E5002A26AB /* RootNavigation.app */;
			productType = "com.apple.product-type.application";
		};
/* End PBXNativeTarget section */

/* Begin PBXProject section */
		4A7ECC9D154068E4002A26AB /* Project object */ = {
			isa = PBXProject;
			buildConfigurationList = 4A7ECCA0154068E4002A26AB /* Build configuration list for PBXProject "RootNavigation" */;
			compatibilityVersion = "Xcode 3.2";
			developmentRegion = English;
			hasScannedForEncodings = 0;
			knownRegions = (
				en,
			);
			mainGroup = 4A7ECC9B154068E4002A26AB;
			productRefGroup = 4A7ECCA7154068E5002A26AB /* Products */;
			projectDirPath = "";
			projectRoot = "";
			targets = (
				4A7ECCA5154068E5002A26AB /* RootNavigation */,
			);
		};
/* End PBXProject section */

/* Begin PBXResourcesBuildPhase section */
		4A7ECCA4154068E5002A26AB /* Resources */ = {
			isa = PBXResourcesBuildPhase;
			buildActionMask = 2147483647;
			files = (
				4A7ECCB5154068E5002A26AB /* InfoPlist.strings in Resources */,
				4A7ECCBE154068E5002A26AB /* MainWindow.xib in Resources */,
				4A7ECCC4154068E5002A26AB /* RootNavigationViewController.xib in Resources */,
			);
			runOnlyForDeploymentPostprocessing = 0;
		};
/* End PBXResourcesBuildPhase section */

/* Begin PBXSourcesBuildPhase section */
		4A7ECCA2154068E5002A26AB /* Sources */ = {
			isa = PBXSourcesBuildPhase;
			buildActionMask = 2147483647;
			files = (
				4A7ECCB7154068E5002A26AB /* main.m in Sources */,
				4A7ECCBB154068E5002A26AB /* RootNavigationAppDelegate.m in Sources */,
				4A7ECCC1154068E5002A26AB /* RootNavigationViewController.m in Sources */,
			);
			runOnlyForDeploymentPostprocessing = 0;
		};
/* End PBXSourcesBuildPhase section */

/* Begin PBXVariantGroup section */
		4A7ECCB3154068E5002A26AB /* InfoPlist.strings */ = {
			isa = PBXVariantGroup;
			children = (
				4A7ECCB4154068E5002A26AB /* en */,
			);
			name = InfoPlist.strings;
			sourceTree = "<group>";
		};
		4A7ECCBC154068E5002A26AB /* MainWindow.xib */ = {
			isa = PBXVariantGroup;
			children = (
				4A7ECCBD154068E5002A26AB /* en */,
			);
			name = MainWindow.xib;
			sourceTree = "<group>";
		};
		4A7ECCC2154068E5002A26AB /* RootNavigationViewController.xib */ = {
			isa = PBXVariantGroup;
			children = (
				4A7ECCC3154068E5002A26AB /* en */,
			);
			name = RootNavigationViewController.xib;
			sourceTree = "<group>";
		};
/* End PBXVariantGroup section */

/* Begin XCBuildConfiguration section */
		4A7ECCC5154068E5002A26AB /* Debug */ = {
			isa = XCBuildConfiguration;
			buildSettings = {
				ALWAYS_SEARCH_USER_PATHS = NO;
				ARCHS = "$(ARCHS_STANDARD_32_BIT)";
				"CODE_SIGN_IDENTITY[sdk=iphoneos*]" = "iPhone Developer";
				COPY_PHASE_STRIP = NO;
				GCC_C_LANGUAGE_STANDARD = gnu99;
				GCC_DYNAMIC_NO_PIC = NO;
				GCC_OPTIMIZATION_LEVEL = 0;
				GCC_PREPROCESSOR_DEFINITIONS = (
					"DEBUG=1",
					"$(inherited)",
				);
				GCC_SYMBOLS_PRIVATE_EXTERN = NO;
				GCC_VERSION = com.apple.compilers.llvmgcc42;
				GCC_WARN_ABOUT_MISSING_PROTOTYPES = YES;
				GCC_WARN_ABOUT_RETURN_TYPE = YES;
				GCC_WARN_UNUSED_VARIABLE = YES;
				IPHONEOS_DEPLOYMENT_TARGET = 4.3;
				SDKROOT = iphoneos;
			};
			name = Debug;
		};
		4A7ECCC6154068E5002A26AB /* Release */ = {
			isa = XCBuildConfiguration;
			buildSettings = {
				ALWAYS_SEARCH_USER_PATHS = NO;
				ARCHS = "$(ARCHS_STANDARD_32_BIT)";
				"CODE_SIGN_IDENTITY[sdk=iphoneos*]" = "iPhone Developer";
				COPY_PHASE_STRIP = YES;
				GCC_C_LANGUAGE_STANDARD = gnu99;
				GCC_VERSION = com.apple.compilers.llvmgcc42;
				GCC_WARN_ABOUT_MISSING_PROTOTYPES = YES;
				GCC_WARN_ABOUT_RETURN_TYPE = YES;
				GCC_WARN_UNUSED_VARIABLE = YES;
				IPHONEOS_DEPLOYMENT_TARGET = 4.3;
				OTHER_CFLAGS = "-DNS_BLOCK_ASSERTIONS=1";
				SDKROOT = iphoneos;
				VALIDATE_PRODUCT = YES;
			};
			name = Release;
		};
		4A7ECCC8154068E5002A26AB /* Debug */ = {
			isa = XCBuildConfiguration;
			buildSettings = {
				GCC_PRECOMPILE_PREFIX_HEADER = YES;
				GCC_PREFIX_HEADER = "RootNavigation/RootNavigation-Prefix.pch";
				INFOPLIST_FILE = "RootNavigation/RootNavigation-Info.plist";
				PRODUCT_NAME = "$(TARGET_NAME)";
				WRAPPER_EXTENSION = app;
			};
			name = Debug;
		};
		4A7ECCC9154068E5002A26AB /* Release */ = {
			isa = XCBuildConfiguration;
			buildSettings = {
				GCC_PRECOMPILE_PREFIX_HEADER = YES;
				GCC_PREFIX_HEADER = "RootNavigation/RootNavigation-Prefix.pch";
				INFOPLIST_FILE = "RootNavigation/RootNavigation-Info.plist";
				PRODUCT_NAME = "$(TARGET_NAME)";
				WRAPPER_EXTENSION = app;
			};
			name = Release;
		};
/* End XCBuildConfiguration section */

/* Begin XCConfigurationList section */
		4A7ECCA0154068E4002A26AB /* Build configuration list for PBXProject "RootNavigation" */ = {
			isa = XCConfigurationList;
			buildConfigurations = (
				4A7ECCC5154068E5002A26AB /* Debug */,
				4A7ECCC6154068E5002A26AB /* Release */,
			);
			defaultConfigurationIsVisible = 0;
			defaultConfigurationName = Release;
		};
		4A7ECCC7154068E5002A26AB /* Build configuration list for PBXNativeTarget "RootNavigation" */ = {
			isa = XCConfigurationList;
			buildConfigurations = (
				4A7ECCC8154068E5002A26AB /* Debug */,
				4A7ECCC9154068E5002A26AB /* Release */,
			);
			defaultConfigurationIsVisible = 0;
		};
/* End XCConfigurationList section */
	};
	rootObject = 4A7ECC9D154068E4002A26AB /* Project object */;
}
