// !$*UTF8*$!
{
	archiveVersion = 1;
	classes = {
	};
	objectVersion = 46;
	objects = {

/* Begin PBXBuildFile section */
		4AA3B47B153AB30E006D6093 /* UIKit.framework in Frameworks */ = {isa = PBXBuildFile; fileRef = 4AA3B47A153AB30E006D6093 /* UIKit.framework */; };
		4AA3B47D153AB30E006D6093 /* Foundation.framework in Frameworks */ = {isa = PBXBuildFile; fileRef = 4AA3B47C153AB30E006D6093 /* Foundation.framework */; };
		4AA3B47F153AB30E006D6093 /* CoreGraphics.framework in Frameworks */ = {isa = PBXBuildFile; fileRef = 4AA3B47E153AB30E006D6093 /* CoreGraphics.framework */; };
		4AA3B485153AB30F006D6093 /* InfoPlist.strings in Resources */ = {isa = PBXBuildFile; fileRef = 4AA3B483153AB30F006D6093 /* InfoPlist.strings */; };
		4AA3B487153AB30F006D6093 /* main.m in Sources */ = {isa = PBXBuildFile; fileRef = 4AA3B486153AB30F006D6093 /* main.m */; };
		4AA3B48B153AB30F006D6093 /* TabBarAppDelegate.m in Sources */ = {isa = PBXBuildFile; fileRef = 4AA3B48A153AB30F006D6093 /* TabBarAppDelegate.m */; };
		4AA3B48E153AB30F006D6093 /* TabBarViewController.m in Sources */ = {isa = PBXBuildFile; fileRef = 4AA3B48D153AB30F006D6093 /* TabBarViewController.m */; };
/* End PBXBuildFile section */

/* Begin PBXFileReference section */
		4AA3B476153AB30E006D6093 /* TabBar.app */ = {isa = PBXFileReference; explicitFileType = wrapper.application; includeInIndex = 0; path = TabBar.app; sourceTree = BUILT_PRODUCTS_DIR; };
		4AA3B47A153AB30E006D6093 /* UIKit.framework */ = {isa = PBXFileReference; lastKnownFileType = wrapper.framework; name = UIKit.framework; path = System/Library/Frameworks/UIKit.framework; sourceTree = SDKROOT; };
		4AA3B47C153AB30E006D6093 /* Foundation.framework */ = {isa = PBXFileReference; lastKnownFileType = wrapper.framework; name = Foundation.framework; path = System/Library/Frameworks/Foundation.framework; sourceTree = SDKROOT; };
		4AA3B47E153AB30E006D6093 /* CoreGraphics.framework */ = {isa = PBXFileReference; lastKnownFileType = wrapper.framework; name = CoreGraphics.framework; path = System/Library/Frameworks/CoreGraphics.framework; sourceTree = SDKROOT; };
		4AA3B482153AB30E006D6093 /* TabBar-Info.plist */ = {isa = PBXFileReference; lastKnownFileType = text.plist.xml; path = "TabBar-Info.plist"; sourceTree = "<group>"; };
		4AA3B484153AB30F006D6093 /* en */ = {isa = PBXFileReference; lastKnownFileType = text.plist.strings; name = en; path = en.lproj/InfoPlist.strings; sourceTree = "<group>"; };
		4AA3B486153AB30F006D6093 /* main.m */ = {isa = PBXFileReference; lastKnownFileType = sourcecode.c.objc; path = main.m; sourceTree = "<group>"; };
		4AA3B488153AB30F006D6093 /* TabBar-Prefix.pch */ = {isa = PBXFileReference; lastKnownFileType = sourcecode.c.h; path = "TabBar-Prefix.pch"; sourceTree = "<group>"; };
		4AA3B489153AB30F006D6093 /* TabBarAppDelegate.h */ = {isa = PBXFileReference; lastKnownFileType = sourcecode.c.h; path = TabBarAppDelegate.h; sourceTree = "<group>"; };
		4AA3B48A153AB30F006D6093 /* TabBarAppDelegate.m */ = {isa = PBXFileReference; lastKnownFileType = sourcecode.c.objc; path = TabBarAppDelegate.m; sourceTree = "<group>"; };
		4AA3B48C153AB30F006D6093 /* TabBarViewController.h */ = {isa = PBXFileReference; lastKnownFileType = sourcecode.c.h; path = TabBarViewController.h; sourceTree = "<group>"; };
		4AA3B48D153AB30F006D6093 /* TabBarViewController.m */ = {isa = PBXFileReference; lastKnownFileType = sourcecode.c.objc; path = TabBarViewController.m; sourceTree = "<group>"; };
/* End PBXFileReference section */

/* Begin PBXFrameworksBuildPhase section */
		4AA3B473153AB30E006D6093 /* Frameworks */ = {
			isa = PBXFrameworksBuildPhase;
			buildActionMask = 2147483647;
			files = (
				4AA3B47B153AB30E006D6093 /* UIKit.framework in Frameworks */,
				4AA3B47D153AB30E006D6093 /* Foundation.framework in Frameworks */,
				4AA3B47F153AB30E006D6093 /* CoreGraphics.framework in Frameworks */,
			);
			runOnlyForDeploymentPostprocessing = 0;
		};
/* End PBXFrameworksBuildPhase section */

/* Begin PBXGroup section */
		4AA3B46B153AB30E006D6093 = {
			isa = PBXGroup;
			children = (
				4AA3B480153AB30E006D6093 /* TabBar */,
				4AA3B479153AB30E006D6093 /* Frameworks */,
				4AA3B477153AB30E006D6093 /* Products */,
			);
			sourceTree = "<group>";
		};
		4AA3B477153AB30E006D6093 /* Products */ = {
			isa = PBXGroup;
			children = (
				4AA3B476153AB30E006D6093 /* TabBar.app */,
			);
			name = Products;
			sourceTree = "<group>";
		};
		4AA3B479153AB30E006D6093 /* Frameworks */ = {
			isa = PBXGroup;
			children = (
				4AA3B47A153AB30E006D6093 /* UIKit.framework */,
				4AA3B47C153AB30E006D6093 /* Foundation.framework */,
				4AA3B47E153AB30E006D6093 /* CoreGraphics.framework */,
			);
			name = Frameworks;
			sourceTree = "<group>";
		};
		4AA3B480153AB30E006D6093 /* TabBar */ = {
			isa = PBXGroup;
			children = (
				4AA3B489153AB30F006D6093 /* TabBarAppDelegate.h */,
				4AA3B48A153AB30F006D6093 /* TabBarAppDelegate.m */,
				4AA3B48C153AB30F006D6093 /* TabBarViewController.h */,
				4AA3B48D153AB30F006D6093 /* TabBarViewController.m */,
				4AA3B481153AB30E006D6093 /* Supporting Files */,
			);
			path = TabBar;
			sourceTree = "<group>";
		};
		4AA3B481153AB30E006D6093 /* Supporting Files */ = {
			isa = PBXGroup;
			children = (
				4AA3B482153AB30E006D6093 /* TabBar-Info.plist */,
				4AA3B483153AB30F006D6093 /* InfoPlist.strings */,
				4AA3B486153AB30F006D6093 /* main.m */,
				4AA3B488153AB30F006D6093 /* TabBar-Prefix.pch */,
			);
			name = "Supporting Files";
			sourceTree = "<group>";
		};
/* End PBXGroup section */

/* Begin PBXNativeTarget section */
		4AA3B475153AB30E006D6093 /* TabBar */ = {
			isa = PBXNativeTarget;
			buildConfigurationList = 4AA3B491153AB30F006D6093 /* Build configuration list for PBXNativeTarget "TabBar" */;
			buildPhases = (
				4AA3B472153AB30E006D6093 /* Sources */,
				4AA3B473153AB30E006D6093 /* Frameworks */,
				4AA3B474153AB30E006D6093 /* Resources */,
			);
			buildRules = (
			);
			dependencies = (
			);
			name = TabBar;
			productName = TabBar;
			productReference = 4AA3B476153AB30E006D6093 /* TabBar.app */;
			productType = "com.apple.product-type.application";
		};
/* End PBXNativeTarget section */

/* Begin PBXProject section */
		4AA3B46D153AB30E006D6093 /* Project object */ = {
			isa = PBXProject;
			buildConfigurationList = 4AA3B470153AB30E006D6093 /* Build configuration list for PBXProject "TabBar" */;
			compatibilityVersion = "Xcode 3.2";
			developmentRegion = English;
			hasScannedForEncodings = 0;
			knownRegions = (
				en,
			);
			mainGroup = 4AA3B46B153AB30E006D6093;
			productRefGroup = 4AA3B477153AB30E006D6093 /* Products */;
			projectDirPath = "";
			projectRoot = "";
			targets = (
				4AA3B475153AB30E006D6093 /* TabBar */,
			);
		};
/* End PBXProject section */

/* Begin PBXResourcesBuildPhase section */
		4AA3B474153AB30E006D6093 /* Resources */ = {
			isa = PBXResourcesBuildPhase;
			buildActionMask = 2147483647;
			files = (
				4AA3B485153AB30F006D6093 /* InfoPlist.strings in Resources */,
			);
			runOnlyForDeploymentPostprocessing = 0;
		};
/* End PBXResourcesBuildPhase section */

/* Begin PBXSourcesBuildPhase section */
		4AA3B472153AB30E006D6093 /* Sources */ = {
			isa = PBXSourcesBuildPhase;
			buildActionMask = 2147483647;
			files = (
				4AA3B487153AB30F006D6093 /* main.m in Sources */,
				4AA3B48B153AB30F006D6093 /* TabBarAppDelegate.m in Sources */,
				4AA3B48E153AB30F006D6093 /* TabBarViewController.m in Sources */,
			);
			runOnlyForDeploymentPostprocessing = 0;
		};
/* End PBXSourcesBuildPhase section */

/* Begin PBXVariantGroup section */
		4AA3B483153AB30F006D6093 /* InfoPlist.strings */ = {
			isa = PBXVariantGroup;
			children = (
				4AA3B484153AB30F006D6093 /* en */,
			);
			name = InfoPlist.strings;
			sourceTree = "<group>";
		};
/* End PBXVariantGroup section */

/* Begin XCBuildConfiguration section */
		4AA3B48F153AB30F006D6093 /* Debug */ = {
			isa = XCBuildConfiguration;
			buildSettings = {
				ALWAYS_SEARCH_USER_PATHS = NO;
				ARCHS = "$(ARCHS_STANDARD_32_BIT)";
				"CODE_SIGN_IDENTITY[sdk=iphoneos*]" = "iPhone Developer";
				COPY_PHASE_STRIP = NO;
				GCC_C_LANGUAGE_STANDARD = gnu99;
				GCC_DYNAMIC_NO_PIC = NO;
				GCC_OPTIMIZATION_LEVEL = 0;
				GCC_PREPROCESSOR_DEFINITIONS = (
					"DEBUG=1",
					"$(inherited)",
				);
				GCC_SYMBOLS_PRIVATE_EXTERN = NO;
				GCC_VERSION = com.apple.compilers.llvmgcc42;
				GCC_WARN_ABOUT_MISSING_PROTOTYPES = YES;
				GCC_WARN_ABOUT_RETURN_TYPE = YES;
				GCC_WARN_UNUSED_VARIABLE = YES;
				IPHONEOS_DEPLOYMENT_TARGET = 4.3;
				SDKROOT = iphoneos;
			};
			name = Debug;
		};
		4AA3B490153AB30F006D6093 /* Release */ = {
			isa = XCBuildConfiguration;
			buildSettings = {
				ALWAYS_SEARCH_USER_PATHS = NO;
				ARCHS = "$(ARCHS_STANDARD_32_BIT)";
				"CODE_SIGN_IDENTITY[sdk=iphoneos*]" = "iPhone Developer";
				COPY_PHASE_STRIP = YES;
				GCC_C_LANGUAGE_STANDARD = gnu99;
				GCC_VERSION = com.apple.compilers.llvmgcc42;
				GCC_WARN_ABOUT_MISSING_PROTOTYPES = YES;
				GCC_WARN_ABOUT_RETURN_TYPE = YES;
				GCC_WARN_UNUSED_VARIABLE = YES;
				IPHONEOS_DEPLOYMENT_TARGET = 4.3;
				OTHER_CFLAGS = "-DNS_BLOCK_ASSERTIONS=1";
				SDKROOT = iphoneos;
				VALIDATE_PRODUCT = YES;
			};
			name = Release;
		};
		4AA3B492153AB30F006D6093 /* Debug */ = {
			isa = XCBuildConfiguration;
			buildSettings = {
				GCC_PRECOMPILE_PREFIX_HEADER = YES;
				GCC_PREFIX_HEADER = "TabBar/TabBar-Prefix.pch";
				INFOPLIST_FILE = "TabBar/TabBar-Info.plist";
				PRODUCT_NAME = "$(TARGET_NAME)";
				WRAPPER_EXTENSION = app;
			};
			name = Debug;
		};
		4AA3B493153AB30F006D6093 /* Release */ = {
			isa = XCBuildConfiguration;
			buildSettings = {
				GCC_PRECOMPILE_PREFIX_HEADER = YES;
				GCC_PREFIX_HEADER = "TabBar/TabBar-Prefix.pch";
				INFOPLIST_FILE = "TabBar/TabBar-Info.plist";
				PRODUCT_NAME = "$(TARGET_NAME)";
				WRAPPER_EXTENSION = app;
			};
			name = Release;
		};
/* End XCBuildConfiguration section */

/* Begin XCConfigurationList section */
		4AA3B470153AB30E006D6093 /* Build configuration list for PBXProject "TabBar" */ = {
			isa = XCConfigurationList;
			buildConfigurations = (
				4AA3B48F153AB30F006D6093 /* Debug */,
				4AA3B490153AB30F006D6093 /* Release */,
			);
			defaultConfigurationIsVisible = 0;
			defaultConfigurationName = Release;
		};
		4AA3B491153AB30F006D6093 /* Build configuration list for PBXNativeTarget "TabBar" */ = {
			isa = XCConfigurationList;
			buildConfigurations = (
				4AA3B492153AB30F006D6093 /* Debug */,
				4AA3B493153AB30F006D6093 /* Release */,
			);
			defaultConfigurationIsVisible = 0;
		};
/* End XCConfigurationList section */
	};
	rootObject = 4AA3B46D153AB30E006D6093 /* Project object */;
}
