// !$*UTF8*$!
{
	archiveVersion = 1;
	classes = {
	};
	objectVersion = 46;
	objects = {

/* Begin PBXBuildFile section */
		4A7C414E154105DD009ED897 /* UIKit.framework in Frameworks */ = {isa = PBXBuildFile; fileRef = 4A7C414D154105DD009ED897 /* UIKit.framework */; };
		4A7C4150154105DD009ED897 /* Foundation.framework in Frameworks */ = {isa = PBXBuildFile; fileRef = 4A7C414F154105DD009ED897 /* Foundation.framework */; };
		4A7C4152154105DD009ED897 /* CoreGraphics.framework in Frameworks */ = {isa = PBXBuildFile; fileRef = 4A7C4151154105DD009ED897 /* CoreGraphics.framework */; };
		4A7C4158154105DD009ED897 /* InfoPlist.strings in Resources */ = {isa = PBXBuildFile; fileRef = 4A7C4156154105DD009ED897 /* InfoPlist.strings */; };
		4A7C415A154105DD009ED897 /* main.m in Sources */ = {isa = PBXBuildFile; fileRef = 4A7C4159154105DD009ED897 /* main.m */; };
		4A7C415E154105DD009ED897 /* TabBarAppDelegate.m in Sources */ = {isa = PBXBuildFile; fileRef = 4A7C415D154105DD009ED897 /* TabBarAppDelegate.m */; };
		4A7C4164154105DD009ED897 /* TabBarViewController.m in Sources */ = {isa = PBXBuildFile; fileRef = 4A7C4163154105DD009ED897 /* TabBarViewController.m */; };
		4A7C4167154105DD009ED897 /* TabBarViewController.xib in Resources */ = {isa = PBXBuildFile; fileRef = 4A7C4165154105DD009ED897 /* TabBarViewController.xib */; };
/* End PBXBuildFile section */

/* Begin PBXFileReference section */
		4A7C4149154105DD009ED897 /* TabBar.app */ = {isa = PBXFileReference; explicitFileType = wrapper.application; includeInIndex = 0; path = TabBar.app; sourceTree = BUILT_PRODUCTS_DIR; };
		4A7C414D154105DD009ED897 /* UIKit.framework */ = {isa = PBXFileReference; lastKnownFileType = wrapper.framework; name = UIKit.framework; path = System/Library/Frameworks/UIKit.framework; sourceTree = SDKROOT; };
		4A7C414F154105DD009ED897 /* Foundation.framework */ = {isa = PBXFileReference; lastKnownFileType = wrapper.framework; name = Foundation.framework; path = System/Library/Frameworks/Foundation.framework; sourceTree = SDKROOT; };
		4A7C4151154105DD009ED897 /* CoreGraphics.framework */ = {isa = PBXFileReference; lastKnownFileType = wrapper.framework; name = CoreGraphics.framework; path = System/Library/Frameworks/CoreGraphics.framework; sourceTree = SDKROOT; };
		4A7C4155154105DD009ED897 /* TabBar-Info.plist */ = {isa = PBXFileReference; lastKnownFileType = text.plist.xml; path = "TabBar-Info.plist"; sourceTree = "<group>"; };
		4A7C4157154105DD009ED897 /* en */ = {isa = PBXFileReference; lastKnownFileType = text.plist.strings; name = en; path = en.lproj/InfoPlist.strings; sourceTree = "<group>"; };
		4A7C4159154105DD009ED897 /* main.m */ = {isa = PBXFileReference; lastKnownFileType = sourcecode.c.objc; path = main.m; sourceTree = "<group>"; };
		4A7C415B154105DD009ED897 /* TabBar-Prefix.pch */ = {isa = PBXFileReference; lastKnownFileType = sourcecode.c.h; path = "TabBar-Prefix.pch"; sourceTree = "<group>"; };
		4A7C415C154105DD009ED897 /* TabBarAppDelegate.h */ = {isa = PBXFileReference; lastKnownFileType = sourcecode.c.h; path = TabBarAppDelegate.h; sourceTree = "<group>"; };
		4A7C415D154105DD009ED897 /* TabBarAppDelegate.m */ = {isa = PBXFileReference; lastKnownFileType = sourcecode.c.objc; path = TabBarAppDelegate.m; sourceTree = "<group>"; };
		4A7C4162154105DD009ED897 /* TabBarViewController.h */ = {isa = PBXFileReference; lastKnownFileType = sourcecode.c.h; path = TabBarViewController.h; sourceTree = "<group>"; };
		4A7C4163154105DD009ED897 /* TabBarViewController.m */ = {isa = PBXFileReference; lastKnownFileType = sourcecode.c.objc; path = TabBarViewController.m; sourceTree = "<group>"; };
		4A7C4166154105DD009ED897 /* en */ = {isa = PBXFileReference; lastKnownFileType = file.xib; name = en; path = en.lproj/TabBarViewController.xib; sourceTree = "<group>"; };
/* End PBXFileReference section */

/* Begin PBXFrameworksBuildPhase section */
		4A7C4146154105DD009ED897 /* Frameworks */ = {
			isa = PBXFrameworksBuildPhase;
			buildActionMask = 2147483647;
			files = (
				4A7C414E154105DD009ED897 /* UIKit.framework in Frameworks */,
				4A7C4150154105DD009ED897 /* Foundation.framework in Frameworks */,
				4A7C4152154105DD009ED897 /* CoreGraphics.framework in Frameworks */,
			);
			runOnlyForDeploymentPostprocessing = 0;
		};
/* End PBXFrameworksBuildPhase section */

/* Begin PBXGroup section */
		4A7C413E154105DC009ED897 = {
			isa = PBXGroup;
			children = (
				4A7C4153154105DD009ED897 /* TabBar */,
				4A7C414C154105DD009ED897 /* Frameworks */,
				4A7C414A154105DD009ED897 /* Products */,
			);
			sourceTree = "<group>";
		};
		4A7C414A154105DD009ED897 /* Products */ = {
			isa = PBXGroup;
			children = (
				4A7C4149154105DD009ED897 /* TabBar.app */,
			);
			name = Products;
			sourceTree = "<group>";
		};
		4A7C414C154105DD009ED897 /* Frameworks */ = {
			isa = PBXGroup;
			children = (
				4A7C414D154105DD009ED897 /* UIKit.framework */,
				4A7C414F154105DD009ED897 /* Foundation.framework */,
				4A7C4151154105DD009ED897 /* CoreGraphics.framework */,
			);
			name = Frameworks;
			sourceTree = "<group>";
		};
		4A7C4153154105DD009ED897 /* TabBar */ = {
			isa = PBXGroup;
			children = (
				4A7C415C154105DD009ED897 /* TabBarAppDelegate.h */,
				4A7C415D154105DD009ED897 /* TabBarAppDelegate.m */,
				4A7C4162154105DD009ED897 /* TabBarViewController.h */,
				4A7C4163154105DD009ED897 /* TabBarViewController.m */,
				4A7C4165154105DD009ED897 /* TabBarViewController.xib */,
				4A7C4154154105DD009ED897 /* Supporting Files */,
			);
			path = TabBar;
			sourceTree = "<group>";
		};
		4A7C4154154105DD009ED897 /* Supporting Files */ = {
			isa = PBXGroup;
			children = (
				4A7C4155154105DD009ED897 /* TabBar-Info.plist */,
				4A7C4156154105DD009ED897 /* InfoPlist.strings */,
				4A7C4159154105DD009ED897 /* main.m */,
				4A7C415B154105DD009ED897 /* TabBar-Prefix.pch */,
			);
			name = "Supporting Files";
			sourceTree = "<group>";
		};
/* End PBXGroup section */

/* Begin PBXNativeTarget section */
		4A7C4148154105DD009ED897 /* TabBar */ = {
			isa = PBXNativeTarget;
			buildConfigurationList = 4A7C416A154105DD009ED897 /* Build configuration list for PBXNativeTarget "TabBar" */;
			buildPhases = (
				4A7C4145154105DD009ED897 /* Sources */,
				4A7C4146154105DD009ED897 /* Frameworks */,
				4A7C4147154105DD009ED897 /* Resources */,
			);
			buildRules = (
			);
			dependencies = (
			);
			name = TabBar;
			productName = TabBar;
			productReference = 4A7C4149154105DD009ED897 /* TabBar.app */;
			productType = "com.apple.product-type.application";
		};
/* End PBXNativeTarget section */

/* Begin PBXProject section */
		4A7C4140154105DC009ED897 /* Project object */ = {
			isa = PBXProject;
			buildConfigurationList = 4A7C4143154105DC009ED897 /* Build configuration list for PBXProject "TabBar" */;
			compatibilityVersion = "Xcode 3.2";
			developmentRegion = English;
			hasScannedForEncodings = 0;
			knownRegions = (
				en,
			);
			mainGroup = 4A7C413E154105DC009ED897;
			productRefGroup = 4A7C414A154105DD009ED897 /* Products */;
			projectDirPath = "";
			projectRoot = "";
			targets = (
				4A7C4148154105DD009ED897 /* TabBar */,
			);
		};
/* End PBXProject section */

/* Begin PBXResourcesBuildPhase section */
		4A7C4147154105DD009ED897 /* Resources */ = {
			isa = PBXResourcesBuildPhase;
			buildActionMask = 2147483647;
			files = (
				4A7C4158154105DD009ED897 /* InfoPlist.strings in Resources */,
				4A7C4167154105DD009ED897 /* TabBarViewController.xib in Resources */,
			);
			runOnlyForDeploymentPostprocessing = 0;
		};
/* End PBXResourcesBuildPhase section */

/* Begin PBXSourcesBuildPhase section */
		4A7C4145154105DD009ED897 /* Sources */ = {
			isa = PBXSourcesBuildPhase;
			buildActionMask = 2147483647;
			files = (
				4A7C415A154105DD009ED897 /* main.m in Sources */,
				4A7C415E154105DD009ED897 /* TabBarAppDelegate.m in Sources */,
				4A7C4164154105DD009ED897 /* TabBarViewController.m in Sources */,
			);
			runOnlyForDeploymentPostprocessing = 0;
		};
/* End PBXSourcesBuildPhase section */

/* Begin PBXVariantGroup section */
		4A7C4156154105DD009ED897 /* InfoPlist.strings */ = {
			isa = PBXVariantGroup;
			children = (
				4A7C4157154105DD009ED897 /* en */,
			);
			name = InfoPlist.strings;
			sourceTree = "<group>";
		};
		4A7C4165154105DD009ED897 /* TabBarViewController.xib */ = {
			isa = PBXVariantGroup;
			children = (
				4A7C4166154105DD009ED897 /* en */,
			);
			name = TabBarViewController.xib;
			sourceTree = "<group>";
		};
/* End PBXVariantGroup section */

/* Begin XCBuildConfiguration section */
		4A7C4168154105DD009ED897 /* Debug */ = {
			isa = XCBuildConfiguration;
			buildSettings = {
				ALWAYS_SEARCH_USER_PATHS = NO;
				ARCHS = "$(ARCHS_STANDARD_32_BIT)";
				"CODE_SIGN_IDENTITY[sdk=iphoneos*]" = "iPhone Developer";
				COPY_PHASE_STRIP = NO;
				GCC_C_LANGUAGE_STANDARD = gnu99;
				GCC_DYNAMIC_NO_PIC = NO;
				GCC_OPTIMIZATION_LEVEL = 0;
				GCC_PREPROCESSOR_DEFINITIONS = (
					"DEBUG=1",
					"$(inherited)",
				);
				GCC_SYMBOLS_PRIVATE_EXTERN = NO;
				GCC_VERSION = com.apple.compilers.llvmgcc42;
				GCC_WARN_ABOUT_MISSING_PROTOTYPES = YES;
				GCC_WARN_ABOUT_RETURN_TYPE = YES;
				GCC_WARN_UNUSED_VARIABLE = YES;
				IPHONEOS_DEPLOYMENT_TARGET = 4.3;
				SDKROOT = iphoneos;
			};
			name = Debug;
		};
		4A7C4169154105DD009ED897 /* Release */ = {
			isa = XCBuildConfiguration;
			buildSettings = {
				ALWAYS_SEARCH_USER_PATHS = NO;
				ARCHS = "$(ARCHS_STANDARD_32_BIT)";
				"CODE_SIGN_IDENTITY[sdk=iphoneos*]" = "iPhone Developer";
				COPY_PHASE_STRIP = YES;
				GCC_C_LANGUAGE_STANDARD = gnu99;
				GCC_VERSION = com.apple.compilers.llvmgcc42;
				GCC_WARN_ABOUT_MISSING_PROTOTYPES = YES;
				GCC_WARN_ABOUT_RETURN_TYPE = YES;
				GCC_WARN_UNUSED_VARIABLE = YES;
				IPHONEOS_DEPLOYMENT_TARGET = 4.3;
				OTHER_CFLAGS = "-DNS_BLOCK_ASSERTIONS=1";
				SDKROOT = iphoneos;
				VALIDATE_PRODUCT = YES;
			};
			name = Release;
		};
		4A7C416B154105DD009ED897 /* Debug */ = {
			isa = XCBuildConfiguration;
			buildSettings = {
				GCC_PRECOMPILE_PREFIX_HEADER = YES;
				GCC_PREFIX_HEADER = "TabBar/TabBar-Prefix.pch";
				INFOPLIST_FILE = "TabBar/TabBar-Info.plist";
				PRODUCT_NAME = "$(TARGET_NAME)";
				WRAPPER_EXTENSION = app;
			};
			name = Debug;
		};
		4A7C416C154105DD009ED897 /* Release */ = {
			isa = XCBuildConfiguration;
			buildSettings = {
				GCC_PRECOMPILE_PREFIX_HEADER = YES;
				GCC_PREFIX_HEADER = "TabBar/TabBar-Prefix.pch";
				INFOPLIST_FILE = "TabBar/TabBar-Info.plist";
				PRODUCT_NAME = "$(TARGET_NAME)";
				WRAPPER_EXTENSION = app;
			};
			name = Release;
		};
/* End XCBuildConfiguration section */

/* Begin XCConfigurationList section */
		4A7C4143154105DC009ED897 /* Build configuration list for PBXProject "TabBar" */ = {
			isa = XCConfigurationList;
			buildConfigurations = (
				4A7C4168154105DD009ED897 /* Debug */,
				4A7C4169154105DD009ED897 /* Release */,
			);
			defaultConfigurationIsVisible = 0;
			defaultConfigurationName = Release;
		};
		4A7C416A154105DD009ED897 /* Build configuration list for PBXNativeTarget "TabBar" */ = {
			isa = XCConfigurationList;
			buildConfigurations = (
				4A7C416B154105DD009ED897 /* Debug */,
				4A7C416C154105DD009ED897 /* Release */,
			);
			defaultConfigurationIsVisible = 0;
		};
/* End XCConfigurationList section */
	};
	rootObject = 4A7C4140154105DC009ED897 /* Project object */;
}
