// !$*UTF8*$!
{
	archiveVersion = 1;
	classes = {
	};
	objectVersion = 46;
	objects = {

/* Begin PBXBuildFile section */
		4A7ECC7015405E5C002A26AB /* UIKit.framework in Frameworks */ = {isa = PBXBuildFile; fileRef = 4A7ECC6F15405E5C002A26AB /* UIKit.framework */; };
		4A7ECC7215405E5C002A26AB /* Foundation.framework in Frameworks */ = {isa = PBXBuildFile; fileRef = 4A7ECC7115405E5C002A26AB /* Foundation.framework */; };
		4A7ECC7415405E5C002A26AB /* CoreGraphics.framework in Frameworks */ = {isa = PBXBuildFile; fileRef = 4A7ECC7315405E5C002A26AB /* CoreGraphics.framework */; };
		4A7ECC7A15405E5C002A26AB /* InfoPlist.strings in Resources */ = {isa = PBXBuildFile; fileRef = 4A7ECC7815405E5C002A26AB /* InfoPlist.strings */; };
		4A7ECC7C15405E5C002A26AB /* main.m in Sources */ = {isa = PBXBuildFile; fileRef = 4A7ECC7B15405E5C002A26AB /* main.m */; };
		4A7ECC8015405E5C002A26AB /* PushNavigationAppDelegate.m in Sources */ = {isa = PBXBuildFile; fileRef = 4A7ECC7F15405E5C002A26AB /* PushNavigationAppDelegate.m */; };
		4A7ECC8315405E5C002A26AB /* MainWindow.xib in Resources */ = {isa = PBXBuildFile; fileRef = 4A7ECC8115405E5C002A26AB /* MainWindow.xib */; };
		4A7ECC8615405E5C002A26AB /* PushNavigationViewController.m in Sources */ = {isa = PBXBuildFile; fileRef = 4A7ECC8515405E5C002A26AB /* PushNavigationViewController.m */; };
		4A7ECC8915405E5C002A26AB /* PushNavigationViewController.xib in Resources */ = {isa = PBXBuildFile; fileRef = 4A7ECC8715405E5C002A26AB /* PushNavigationViewController.xib */; };
/* End PBXBuildFile section */

/* Begin PBXFileReference section */
		4A7ECC6B15405E5C002A26AB /* PushNavigation.app */ = {isa = PBXFileReference; explicitFileType = wrapper.application; includeInIndex = 0; path = PushNavigation.app; sourceTree = BUILT_PRODUCTS_DIR; };
		4A7ECC6F15405E5C002A26AB /* UIKit.framework */ = {isa = PBXFileReference; lastKnownFileType = wrapper.framework; name = UIKit.framework; path = System/Library/Frameworks/UIKit.framework; sourceTree = SDKROOT; };
		4A7ECC7115405E5C002A26AB /* Foundation.framework */ = {isa = PBXFileReference; lastKnownFileType = wrapper.framework; name = Foundation.framework; path = System/Library/Frameworks/Foundation.framework; sourceTree = SDKROOT; };
		4A7ECC7315405E5C002A26AB /* CoreGraphics.framework */ = {isa = PBXFileReference; lastKnownFileType = wrapper.framework; name = CoreGraphics.framework; path = System/Library/Frameworks/CoreGraphics.framework; sourceTree = SDKROOT; };
		4A7ECC7715405E5C002A26AB /* PushNavigation-Info.plist */ = {isa = PBXFileReference; lastKnownFileType = text.plist.xml; path = "PushNavigation-Info.plist"; sourceTree = "<group>"; };
		4A7ECC7915405E5C002A26AB /* en */ = {isa = PBXFileReference; lastKnownFileType = text.plist.strings; name = en; path = en.lproj/InfoPlist.strings; sourceTree = "<group>"; };
		4A7ECC7B15405E5C002A26AB /* main.m */ = {isa = PBXFileReference; lastKnownFileType = sourcecode.c.objc; path = main.m; sourceTree = "<group>"; };
		4A7ECC7D15405E5C002A26AB /* PushNavigation-Prefix.pch */ = {isa = PBXFileReference; lastKnownFileType = sourcecode.c.h; path = "PushNavigation-Prefix.pch"; sourceTree = "<group>"; };
		4A7ECC7E15405E5C002A26AB /* PushNavigationAppDelegate.h */ = {isa = PBXFileReference; lastKnownFileType = sourcecode.c.h; path = PushNavigationAppDelegate.h; sourceTree = "<group>"; };
		4A7ECC7F15405E5C002A26AB /* PushNavigationAppDelegate.m */ = {isa = PBXFileReference; lastKnownFileType = sourcecode.c.objc; path = PushNavigationAppDelegate.m; sourceTree = "<group>"; };
		4A7ECC8215405E5C002A26AB /* en */ = {isa = PBXFileReference; lastKnownFileType = file.xib; name = en; path = en.lproj/MainWindow.xib; sourceTree = "<group>"; };
		4A7ECC8415405E5C002A26AB /* PushNavigationViewController.h */ = {isa = PBXFileReference; lastKnownFileType = sourcecode.c.h; path = PushNavigationViewController.h; sourceTree = "<group>"; };
		4A7ECC8515405E5C002A26AB /* PushNavigationViewController.m */ = {isa = PBXFileReference; lastKnownFileType = sourcecode.c.objc; path = PushNavigationViewController.m; sourceTree = "<group>"; };
		4A7ECC8815405E5C002A26AB /* en */ = {isa = PBXFileReference; lastKnownFileType = file.xib; name = en; path = en.lproj/PushNavigationViewController.xib; sourceTree = "<group>"; };
/* End PBXFileReference section */

/* Begin PBXFrameworksBuildPhase section */
		4A7ECC6815405E5C002A26AB /* Frameworks */ = {
			isa = PBXFrameworksBuildPhase;
			buildActionMask = 2147483647;
			files = (
				4A7ECC7015405E5C002A26AB /* UIKit.framework in Frameworks */,
				4A7ECC7215405E5C002A26AB /* Foundation.framework in Frameworks */,
				4A7ECC7415405E5C002A26AB /* CoreGraphics.framework in Frameworks */,
			);
			runOnlyForDeploymentPostprocessing = 0;
		};
/* End PBXFrameworksBuildPhase section */

/* Begin PBXGroup section */
		4A7ECC6015405E5C002A26AB = {
			isa = PBXGroup;
			children = (
				4A7ECC7515405E5C002A26AB /* PushNavigation */,
				4A7ECC6E15405E5C002A26AB /* Frameworks */,
				4A7ECC6C15405E5C002A26AB /* Products */,
			);
			sourceTree = "<group>";
		};
		4A7ECC6C15405E5C002A26AB /* Products */ = {
			isa = PBXGroup;
			children = (
				4A7ECC6B15405E5C002A26AB /* PushNavigation.app */,
			);
			name = Products;
			sourceTree = "<group>";
		};
		4A7ECC6E15405E5C002A26AB /* Frameworks */ = {
			isa = PBXGroup;
			children = (
				4A7ECC6F15405E5C002A26AB /* UIKit.framework */,
				4A7ECC7115405E5C002A26AB /* Foundation.framework */,
				4A7ECC7315405E5C002A26AB /* CoreGraphics.framework */,
			);
			name = Frameworks;
			sourceTree = "<group>";
		};
		4A7ECC7515405E5C002A26AB /* PushNavigation */ = {
			isa = PBXGroup;
			children = (
				4A7ECC7E15405E5C002A26AB /* PushNavigationAppDelegate.h */,
				4A7ECC7F15405E5C002A26AB /* PushNavigationAppDelegate.m */,
				4A7ECC8115405E5C002A26AB /* MainWindow.xib */,
				4A7ECC8415405E5C002A26AB /* PushNavigationViewController.h */,
				4A7ECC8515405E5C002A26AB /* PushNavigationViewController.m */,
				4A7ECC8715405E5C002A26AB /* PushNavigationViewController.xib */,
				4A7ECC7615405E5C002A26AB /* Supporting Files */,
			);
			path = PushNavigation;
			sourceTree = "<group>";
		};
		4A7ECC7615405E5C002A26AB /* Supporting Files */ = {
			isa = PBXGroup;
			children = (
				4A7ECC7715405E5C002A26AB /* PushNavigation-Info.plist */,
				4A7ECC7815405E5C002A26AB /* InfoPlist.strings */,
				4A7ECC7B15405E5C002A26AB /* main.m */,
				4A7ECC7D15405E5C002A26AB /* PushNavigation-Prefix.pch */,
			);
			name = "Supporting Files";
			sourceTree = "<group>";
		};
/* End PBXGroup section */

/* Begin PBXNativeTarget section */
		4A7ECC6A15405E5C002A26AB /* PushNavigation */ = {
			isa = PBXNativeTarget;
			buildConfigurationList = 4A7ECC8C15405E5C002A26AB /* Build configuration list for PBXNativeTarget "PushNavigation" */;
			buildPhases = (
				4A7ECC6715405E5C002A26AB /* Sources */,
				4A7ECC6815405E5C002A26AB /* Frameworks */,
				4A7ECC6915405E5C002A26AB /* Resources */,
			);
			buildRules = (
			);
			dependencies = (
			);
			name = PushNavigation;
			productName = PushNavigation;
			productReference = 4A7ECC6B15405E5C002A26AB /* PushNavigation.app */;
			productType = "com.apple.product-type.application";
		};
/* End PBXNativeTarget section */

/* Begin PBXProject section */
		4A7ECC6215405E5C002A26AB /* Project object */ = {
			isa = PBXProject;
			buildConfigurationList = 4A7ECC6515405E5C002A26AB /* Build configuration list for PBXProject "PushNavigation" */;
			compatibilityVersion = "Xcode 3.2";
			developmentRegion = English;
			hasScannedForEncodings = 0;
			knownRegions = (
				en,
			);
			mainGroup = 4A7ECC6015405E5C002A26AB;
			productRefGroup = 4A7ECC6C15405E5C002A26AB /* Products */;
			projectDirPath = "";
			projectRoot = "";
			targets = (
				4A7ECC6A15405E5C002A26AB /* PushNavigation */,
			);
		};
/* End PBXProject section */

/* Begin PBXResourcesBuildPhase section */
		4A7ECC6915405E5C002A26AB /* Resources */ = {
			isa = PBXResourcesBuildPhase;
			buildActionMask = 2147483647;
			files = (
				4A7ECC7A15405E5C002A26AB /* InfoPlist.strings in Resources */,
				4A7ECC8315405E5C002A26AB /* MainWindow.xib in Resources */,
				4A7ECC8915405E5C002A26AB /* PushNavigationViewController.xib in Resources */,
			);
			runOnlyForDeploymentPostprocessing = 0;
		};
/* End PBXResourcesBuildPhase section */

/* Begin PBXSourcesBuildPhase section */
		4A7ECC6715405E5C002A26AB /* Sources */ = {
			isa = PBXSourcesBuildPhase;
			buildActionMask = 2147483647;
			files = (
				4A7ECC7C15405E5C002A26AB /* main.m in Sources */,
				4A7ECC8015405E5C002A26AB /* PushNavigationAppDelegate.m in Sources */,
				4A7ECC8615405E5C002A26AB /* PushNavigationViewController.m in Sources */,
			);
			runOnlyForDeploymentPostprocessing = 0;
		};
/* End PBXSourcesBuildPhase section */

/* Begin PBXVariantGroup section */
		4A7ECC7815405E5C002A26AB /* InfoPlist.strings */ = {
			isa = PBXVariantGroup;
			children = (
				4A7ECC7915405E5C002A26AB /* en */,
			);
			name = InfoPlist.strings;
			sourceTree = "<group>";
		};
		4A7ECC8115405E5C002A26AB /* MainWindow.xib */ = {
			isa = PBXVariantGroup;
			children = (
				4A7ECC8215405E5C002A26AB /* en */,
			);
			name = MainWindow.xib;
			sourceTree = "<group>";
		};
		4A7ECC8715405E5C002A26AB /* PushNavigationViewController.xib */ = {
			isa = PBXVariantGroup;
			children = (
				4A7ECC8815405E5C002A26AB /* en */,
			);
			name = PushNavigationViewController.xib;
			sourceTree = "<group>";
		};
/* End PBXVariantGroup section */

/* Begin XCBuildConfiguration section */
		4A7ECC8A15405E5C002A26AB /* Debug */ = {
			isa = XCBuildConfiguration;
			buildSettings = {
				ALWAYS_SEARCH_USER_PATHS = NO;
				ARCHS = "$(ARCHS_STANDARD_32_BIT)";
				"CODE_SIGN_IDENTITY[sdk=iphoneos*]" = "iPhone Developer";
				COPY_PHASE_STRIP = NO;
				GCC_C_LANGUAGE_STANDARD = gnu99;
				GCC_DYNAMIC_NO_PIC = NO;
				GCC_OPTIMIZATION_LEVEL = 0;
				GCC_PREPROCESSOR_DEFINITIONS = (
					"DEBUG=1",
					"$(inherited)",
				);
				GCC_SYMBOLS_PRIVATE_EXTERN = NO;
				GCC_VERSION = com.apple.compilers.llvmgcc42;
				GCC_WARN_ABOUT_MISSING_PROTOTYPES = YES;
				GCC_WARN_ABOUT_RETURN_TYPE = YES;
				GCC_WARN_UNUSED_VARIABLE = YES;
				IPHONEOS_DEPLOYMENT_TARGET = 4.3;
				SDKROOT = iphoneos;
			};
			name = Debug;
		};
		4A7ECC8B15405E5C002A26AB /* Release */ = {
			isa = XCBuildConfiguration;
			buildSettings = {
				ALWAYS_SEARCH_USER_PATHS = NO;
				ARCHS = "$(ARCHS_STANDARD_32_BIT)";
				"CODE_SIGN_IDENTITY[sdk=iphoneos*]" = "iPhone Developer";
				COPY_PHASE_STRIP = YES;
				GCC_C_LANGUAGE_STANDARD = gnu99;
				GCC_VERSION = com.apple.compilers.llvmgcc42;
				GCC_WARN_ABOUT_MISSING_PROTOTYPES = YES;
				GCC_WARN_ABOUT_RETURN_TYPE = YES;
				GCC_WARN_UNUSED_VARIABLE = YES;
				IPHONEOS_DEPLOYMENT_TARGET = 4.3;
				OTHER_CFLAGS = "-DNS_BLOCK_ASSERTIONS=1";
				SDKROOT = iphoneos;
				VALIDATE_PRODUCT = YES;
			};
			name = Release;
		};
		4A7ECC8D15405E5C002A26AB /* Debug */ = {
			isa = XCBuildConfiguration;
			buildSettings = {
				GCC_PRECOMPILE_PREFIX_HEADER = YES;
				GCC_PREFIX_HEADER = "PushNavigation/PushNavigation-Prefix.pch";
				INFOPLIST_FILE = "PushNavigation/PushNavigation-Info.plist";
				PRODUCT_NAME = "$(TARGET_NAME)";
				WRAPPER_EXTENSION = app;
			};
			name = Debug;
		};
		4A7ECC8E15405E5C002A26AB /* Release */ = {
			isa = XCBuildConfiguration;
			buildSettings = {
				GCC_PRECOMPILE_PREFIX_HEADER = YES;
				GCC_PREFIX_HEADER = "PushNavigation/PushNavigation-Prefix.pch";
				INFOPLIST_FILE = "PushNavigation/PushNavigation-Info.plist";
				PRODUCT_NAME = "$(TARGET_NAME)";
				WRAPPER_EXTENSION = app;
			};
			name = Release;
		};
/* End XCBuildConfiguration section */

/* Begin XCConfigurationList section */
		4A7ECC6515405E5C002A26AB /* Build configuration list for PBXProject "PushNavigation" */ = {
			isa = XCConfigurationList;
			buildConfigurations = (
				4A7ECC8A15405E5C002A26AB /* Debug */,
				4A7ECC8B15405E5C002A26AB /* Release */,
			);
			defaultConfigurationIsVisible = 0;
			defaultConfigurationName = Release;
		};
		4A7ECC8C15405E5C002A26AB /* Build configuration list for PBXNativeTarget "PushNavigation" */ = {
			isa = XCConfigurationList;
			buildConfigurations = (
				4A7ECC8D15405E5C002A26AB /* Debug */,
				4A7ECC8E15405E5C002A26AB /* Release */,
			);
			defaultConfigurationIsVisible = 0;
		};
/* End XCConfigurationList section */
	};
	rootObject = 4A7ECC6215405E5C002A26AB /* Project object */;
}
